<?xml version="1.0" encoding="utf-8"?>
<Project ToolsVersion="4.0" xmlns="http://schemas.microsoft.com/developer/msbuild/2003">
  <ItemGroup>
    <ClCompile Include="Application.cpp" />
    <ClCompile Include="log.cpp" />
    <ClCompile Include="Main.cpp" />
    <ClCompile Include="ModuleInput.cpp" />
    <ClCompile Include="ModuleRender.cpp" />
    <ClCompile Include="ModuleWindow.cpp" />
    <ClCompile Include="MathGeoLib\Algorithm\Random\LCG.cpp">
      <Filter>MathGeoLib\Algorithm</Filter>
    </ClCompile>
    <ClCompile Include="MathGeoLib\Algorithm\GJK.cpp">
      <Filter>MathGeoLib\Algorithm</Filter>
    </ClCompile>
    <ClCompile Include="MathGeoLib\Algorithm\GJK2D.cpp">
      <Filter>MathGeoLib\Algorithm</Filter>
    </ClCompile>
    <ClCompile Include="MathGeoLib\Algorithm\SAT.cpp">
      <Filter>MathGeoLib\Algorithm</Filter>
    </ClCompile>
    <ClCompile Include="MathGeoLib\Geometry\Polyhedron.cpp">
      <Filter>MathGeoLib\Geometry</Filter>
    </ClCompile>
    <ClCompile Include="MathGeoLib\Geometry\Ray.cpp">
      <Filter>MathGeoLib\Geometry</Filter>
    </ClCompile>
    <ClCompile Include="MathGeoLib\Geometry\Sphere.cpp">
      <Filter>MathGeoLib\Geometry</Filter>
    </ClCompile>
    <ClCompile Include="MathGeoLib\Geometry\Triangle.cpp">
      <Filter>MathGeoLib\Geometry</Filter>
    </ClCompile>
    <ClCompile Include="MathGeoLib\Geometry\Triangle2D.cpp">
      <Filter>MathGeoLib\Geometry</Filter>
    </ClCompile>
    <ClCompile Include="MathGeoLib\Geometry\TriangleMesh.cpp">
      <Filter>MathGeoLib\Geometry</Filter>
    </ClCompile>
    <ClCompile Include="MathGeoLib\Geometry\AABB.cpp">
      <Filter>MathGeoLib\Geometry</Filter>
    </ClCompile>
    <ClCompile Include="MathGeoLib\Geometry\Capsule.cpp">
      <Filter>MathGeoLib\Geometry</Filter>
    </ClCompile>
    <ClCompile Include="MathGeoLib\Geometry\Circle.cpp">
      <Filter>MathGeoLib\Geometry</Filter>
    </ClCompile>
    <ClCompile Include="MathGeoLib\Geometry\Circle2D.cpp">
      <Filter>MathGeoLib\Geometry</Filter>
    </ClCompile>
    <ClCompile Include="MathGeoLib\Geometry\Frustum.cpp">
      <Filter>MathGeoLib\Geometry</Filter>
    </ClCompile>
    <ClCompile Include="MathGeoLib\Geometry\Line.cpp">
      <Filter>MathGeoLib\Geometry</Filter>
    </ClCompile>
    <ClCompile Include="MathGeoLib\Geometry\LineSegment.cpp">
      <Filter>MathGeoLib\Geometry</Filter>
    </ClCompile>
    <ClCompile Include="MathGeoLib\Geometry\LineSegment2D.cpp">
      <Filter>MathGeoLib\Geometry</Filter>
    </ClCompile>
    <ClCompile Include="MathGeoLib\Geometry\OBB.cpp">
      <Filter>MathGeoLib\Geometry</Filter>
    </ClCompile>
    <ClCompile Include="MathGeoLib\Geometry\PBVolume.cpp">
      <Filter>MathGeoLib\Geometry</Filter>
    </ClCompile>
    <ClCompile Include="MathGeoLib\Geometry\Plane.cpp">
      <Filter>MathGeoLib\Geometry</Filter>
    </ClCompile>
    <ClCompile Include="MathGeoLib\Geometry\Polygon.cpp">
      <Filter>MathGeoLib\Geometry</Filter>
    </ClCompile>
    <ClCompile Include="MathGeoLib\Math\SSEMath.cpp">
      <Filter>MathGeoLib\Math</Filter>
    </ClCompile>
    <ClCompile Include="MathGeoLib\Math\TransformOps.cpp">
      <Filter>MathGeoLib\Math</Filter>
    </ClCompile>
    <ClCompile Include="MathGeoLib\Math\BitOps.cpp">
      <Filter>MathGeoLib\Math</Filter>
    </ClCompile>
    <ClCompile Include="MathGeoLib\Math\Callstack.cpp">
      <Filter>MathGeoLib\Math</Filter>
    </ClCompile>
    <ClCompile Include="MathGeoLib\Math\float2.cpp">
      <Filter>MathGeoLib\Math</Filter>
    </ClCompile>
    <ClCompile Include="MathGeoLib\Math\float3.cpp">
      <Filter>MathGeoLib\Math</Filter>
    </ClCompile>
    <ClCompile Include="MathGeoLib\Math\float3x3.cpp">
      <Filter>MathGeoLib\Math</Filter>
    </ClCompile>
    <ClCompile Include="MathGeoLib\Math\float3x4.cpp">
      <Filter>MathGeoLib\Math</Filter>
    </ClCompile>
    <ClCompile Include="MathGeoLib\Math\float4.cpp">
      <Filter>MathGeoLib\Math</Filter>
    </ClCompile>
    <ClCompile Include="MathGeoLib\Math\float4d.cpp">
      <Filter>MathGeoLib\Math</Filter>
    </ClCompile>
    <ClCompile Include="MathGeoLib\Math\float4x4.cpp">
      <Filter>MathGeoLib\Math</Filter>
    </ClCompile>
    <ClCompile Include="MathGeoLib\Math\grisu3.c">
      <Filter>MathGeoLib\Math</Filter>
    </ClCompile>
    <ClCompile Include="MathGeoLib\Math\grisu3_cpp.cpp">
      <Filter>MathGeoLib\Math</Filter>
    </ClCompile>
    <ClCompile Include="MathGeoLib\Math\MathFunc.cpp">
      <Filter>MathGeoLib\Math</Filter>
    </ClCompile>
    <ClCompile Include="MathGeoLib\Math\MathLog.cpp">
      <Filter>MathGeoLib\Math</Filter>
    </ClCompile>
    <ClCompile Include="MathGeoLib\Math\MathOps.cpp">
      <Filter>MathGeoLib\Math</Filter>
    </ClCompile>
    <ClCompile Include="MathGeoLib\Math\MiniFloat.cpp">
      <Filter>MathGeoLib\Math</Filter>
    </ClCompile>
    <ClCompile Include="MathGeoLib\Math\Polynomial.cpp">
      <Filter>MathGeoLib\Math</Filter>
    </ClCompile>
    <ClCompile Include="MathGeoLib\Math\Quat.cpp">
      <Filter>MathGeoLib\Math</Filter>
    </ClCompile>
    <ClCompile Include="MathGeoLib\Time\Clock.cpp">
      <Filter>MathGeoLib\Time</Filter>
    </ClCompile>
    <ClCompile Include="ModuleCamera.cpp" />
    <ClCompile Include="ModuleProgram.cpp" />
    <ClCompile Include="ImGUI\imgui.cpp">
      <Filter>ImGUI</Filter>
    </ClCompile>
    <ClCompile Include="ImGUI\imgui_demo.cpp">
      <Filter>ImGUI</Filter>
    </ClCompile>
    <ClCompile Include="ImGUI\imgui_draw.cpp">
      <Filter>ImGUI</Filter>
    </ClCompile>
    <ClCompile Include="ImGUI\imgui_impl_opengl3.cpp">
      <Filter>ImGUI</Filter>
    </ClCompile>
    <ClCompile Include="ImGUI\imgui_impl_sdl.cpp">
      <Filter>ImGUI</Filter>
    </ClCompile>
    <ClCompile Include="ImGUI\imgui_widgets.cpp">
      <Filter>ImGUI</Filter>
    </ClCompile>
    <ClCompile Include="ModuleEditor.cpp" />
    <ClCompile Include="Window.cpp">
      <Filter>EditorWindows</Filter>
    </ClCompile>
    <ClCompile Include="W_console.cpp">
      <Filter>EditorWindows</Filter>
    </ClCompile>
    <ClCompile Include="W_monitor.cpp">
      <Filter>EditorWindows</Filter>
    </ClCompile>
    <ClCompile Include="W_config.cpp">
      <Filter>EditorWindows</Filter>
    </ClCompile>
    <ClCompile Include="W_about.cpp">
      <Filter>EditorWindows</Filter>
    </ClCompile>
    <ClCompile Include="ModuleTexture.cpp" />
    <ClCompile Include="ModuleDebugDraw.cpp" />
    <ClCompile Include="ModuleRenderExercise.cpp" />
    <ClCompile Include="Model.cpp">
      <Filter>Model</Filter>
    </ClCompile>
    <ClCompile Include="Mesh.cpp">
      <Filter>Model</Filter>
    </ClCompile>
  </ItemGroup>
  <ItemGroup>
    <ClInclude Include="Application.h" />
    <ClInclude Include="Globals.h" />
    <ClInclude Include="Module.h" />
    <ClInclude Include="ModuleInput.h" />
    <ClInclude Include="ModuleRender.h" />
    <ClInclude Include="ModuleWindow.h" />
    <ClInclude Include="MathGeoLib\Algorithm\Random\LCG.h">
      <Filter>MathGeoLib\Algorithm</Filter>
    </ClInclude>
    <ClInclude Include="MathGeoLib\Algorithm\GJK.h">
      <Filter>MathGeoLib\Algorithm</Filter>
    </ClInclude>
    <ClInclude Include="MathGeoLib\Algorithm\GJK2D.h">
      <Filter>MathGeoLib\Algorithm</Filter>
    </ClInclude>
    <ClInclude Include="MathGeoLib\Algorithm\SAT.h">
      <Filter>MathGeoLib\Algorithm</Filter>
    </ClInclude>
    <ClInclude Include="MathGeoLib\MathBuildConfig.h">
      <Filter>MathGeoLib</Filter>
    </ClInclude>
    <ClInclude Include="MathGeoLib\MathGeoLib.h">
      <Filter>MathGeoLib</Filter>
    </ClInclude>
    <ClInclude Include="MathGeoLib\MathGeoLibFwd.h">
      <Filter>MathGeoLib</Filter>
    </ClInclude>
    <ClInclude Include="MathGeoLib\emscripten\library_system.h">
      <Filter>MathGeoLib\emscripten</Filter>
    </ClInclude>
    <ClInclude Include="MathGeoLib\Geometry\Polyhedron.h">
      <Filter>MathGeoLib\Geometry</Filter>
    </ClInclude>
    <ClInclude Include="MathGeoLib\Geometry\QuadTree.h">
      <Filter>MathGeoLib\Geometry</Filter>
    </ClInclude>
    <ClInclude Include="MathGeoLib\Geometry\Ray.h">
      <Filter>MathGeoLib\Geometry</Filter>
    </ClInclude>
    <ClInclude Include="MathGeoLib\Geometry\Sphere.h">
      <Filter>MathGeoLib\Geometry</Filter>
    </ClInclude>
    <ClInclude Include="MathGeoLib\Geometry\Triangle.h">
      <Filter>MathGeoLib\Geometry</Filter>
    </ClInclude>
    <ClInclude Include="MathGeoLib\Geometry\Triangle2D.h">
      <Filter>MathGeoLib\Geometry</Filter>
    </ClInclude>
    <ClInclude Include="MathGeoLib\Geometry\TriangleMesh.h">
      <Filter>MathGeoLib\Geometry</Filter>
    </ClInclude>
    <ClInclude Include="MathGeoLib\Geometry\AABB.h">
      <Filter>MathGeoLib\Geometry</Filter>
    </ClInclude>
    <ClInclude Include="MathGeoLib\Geometry\AABB2D.h">
      <Filter>MathGeoLib\Geometry</Filter>
    </ClInclude>
    <ClInclude Include="MathGeoLib\Geometry\Capsule.h">
      <Filter>MathGeoLib\Geometry</Filter>
    </ClInclude>
    <ClInclude Include="MathGeoLib\Geometry\Circle.h">
      <Filter>MathGeoLib\Geometry</Filter>
    </ClInclude>
    <ClInclude Include="MathGeoLib\Geometry\Circle2D.h">
      <Filter>MathGeoLib\Geometry</Filter>
    </ClInclude>
    <ClInclude Include="MathGeoLib\Geometry\Frustum.h">
      <Filter>MathGeoLib\Geometry</Filter>
    </ClInclude>
    <ClInclude Include="MathGeoLib\Geometry\GeometryAll.h">
      <Filter>MathGeoLib\Geometry</Filter>
    </ClInclude>
    <ClInclude Include="MathGeoLib\Geometry\GeomType.h">
      <Filter>MathGeoLib\Geometry</Filter>
    </ClInclude>
    <ClInclude Include="MathGeoLib\Geometry\HitInfo.h">
      <Filter>MathGeoLib\Geometry</Filter>
    </ClInclude>
    <ClInclude Include="MathGeoLib\Geometry\KDTree.h">
      <Filter>MathGeoLib\Geometry</Filter>
    </ClInclude>
    <ClInclude Include="MathGeoLib\Geometry\Line.h">
      <Filter>MathGeoLib\Geometry</Filter>
    </ClInclude>
    <ClInclude Include="MathGeoLib\Geometry\LineSegment.h">
      <Filter>MathGeoLib\Geometry</Filter>
    </ClInclude>
    <ClInclude Include="MathGeoLib\Geometry\LineSegment2D.h">
      <Filter>MathGeoLib\Geometry</Filter>
    </ClInclude>
    <ClInclude Include="MathGeoLib\Geometry\OBB.h">
      <Filter>MathGeoLib\Geometry</Filter>
    </ClInclude>
    <ClInclude Include="MathGeoLib\Geometry\OBB2D.h">
      <Filter>MathGeoLib\Geometry</Filter>
    </ClInclude>
    <ClInclude Include="MathGeoLib\Geometry\PBVolume.h">
      <Filter>MathGeoLib\Geometry</Filter>
    </ClInclude>
    <ClInclude Include="MathGeoLib\Geometry\Plane.h">
      <Filter>MathGeoLib\Geometry</Filter>
    </ClInclude>
    <ClInclude Include="MathGeoLib\Geometry\Polygon.h">
      <Filter>MathGeoLib\Geometry</Filter>
    </ClInclude>
    <ClInclude Include="MathGeoLib\Geometry\Polygon2DRef.h">
      <Filter>MathGeoLib\Geometry</Filter>
    </ClInclude>
    <ClInclude Include="MathGeoLib\Math\Quat.h">
      <Filter>MathGeoLib\Math</Filter>
    </ClInclude>
    <ClInclude Include="MathGeoLib\Math\quat_simd.h">
      <Filter>MathGeoLib\Math</Filter>
    </ClInclude>
    <ClInclude Include="MathGeoLib\Math\Rect.h">
      <Filter>MathGeoLib\Math</Filter>
    </ClInclude>
    <ClInclude Include="MathGeoLib\Math\Reinterpret.h">
      <Filter>MathGeoLib\Math</Filter>
    </ClInclude>
    <ClInclude Include="MathGeoLib\Math\simd.h">
      <Filter>MathGeoLib\Math</Filter>
    </ClInclude>
    <ClInclude Include="MathGeoLib\Math\sse_mathfun.h">
      <Filter>MathGeoLib\Math</Filter>
    </ClInclude>
    <ClInclude Include="MathGeoLib\Math\SSEMath.h">
      <Filter>MathGeoLib\Math</Filter>
    </ClInclude>
    <ClInclude Include="MathGeoLib\Math\Swap.h">
      <Filter>MathGeoLib\Math</Filter>
    </ClInclude>
    <ClInclude Include="MathGeoLib\Math\TransformOps.h">
      <Filter>MathGeoLib\Math</Filter>
    </ClInclude>
    <ClInclude Include="MathGeoLib\Math\vec2d.h">
      <Filter>MathGeoLib\Math</Filter>
    </ClInclude>
    <ClInclude Include="MathGeoLib\Math\assume.h">
      <Filter>MathGeoLib\Math</Filter>
    </ClInclude>
    <ClInclude Include="MathGeoLib\Math\BitFuncs.h">
      <Filter>MathGeoLib\Math</Filter>
    </ClInclude>
    <ClInclude Include="MathGeoLib\Math\BitOps.h">
      <Filter>MathGeoLib\Math</Filter>
    </ClInclude>
    <ClInclude Include="MathGeoLib\Math\Callstack.h">
      <Filter>MathGeoLib\Math</Filter>
    </ClInclude>
    <ClInclude Include="MathGeoLib\Math\FixedPoint.h">
      <Filter>MathGeoLib\Math</Filter>
    </ClInclude>
    <ClInclude Include="MathGeoLib\Math\float2.h">
      <Filter>MathGeoLib\Math</Filter>
    </ClInclude>
    <ClInclude Include="MathGeoLib\Math\float3.h">
      <Filter>MathGeoLib\Math</Filter>
    </ClInclude>
    <ClInclude Include="MathGeoLib\Math\float3x3.h">
      <Filter>MathGeoLib\Math</Filter>
    </ClInclude>
    <ClInclude Include="MathGeoLib\Math\float3x4.h">
      <Filter>MathGeoLib\Math</Filter>
    </ClInclude>
    <ClInclude Include="MathGeoLib\Math\float4.h">
      <Filter>MathGeoLib\Math</Filter>
    </ClInclude>
    <ClInclude Include="MathGeoLib\Math\float4_neon.h">
      <Filter>MathGeoLib\Math</Filter>
    </ClInclude>
    <ClInclude Include="MathGeoLib\Math\float4_sse.h">
      <Filter>MathGeoLib\Math</Filter>
    </ClInclude>
    <ClInclude Include="MathGeoLib\Math\float4d.h">
      <Filter>MathGeoLib\Math</Filter>
    </ClInclude>
    <ClInclude Include="MathGeoLib\Math\float4x4.h">
      <Filter>MathGeoLib\Math</Filter>
    </ClInclude>
    <ClInclude Include="MathGeoLib\Math\float4x4_neon.h">
      <Filter>MathGeoLib\Math</Filter>
    </ClInclude>
    <ClInclude Include="MathGeoLib\Math\float4x4_sse.h">
      <Filter>MathGeoLib\Math</Filter>
    </ClInclude>
    <ClInclude Include="MathGeoLib\Math\FloatCmp.h">
      <Filter>MathGeoLib\Math</Filter>
    </ClInclude>
    <ClInclude Include="MathGeoLib\Math\grisu3.h">
      <Filter>MathGeoLib\Math</Filter>
    </ClInclude>
    <ClInclude Include="MathGeoLib\Math\InclWindows.h">
      <Filter>MathGeoLib\Math</Filter>
    </ClInclude>
    <ClInclude Include="MathGeoLib\Math\Interpolate.h">
      <Filter>MathGeoLib\Math</Filter>
    </ClInclude>
    <ClInclude Include="MathGeoLib\Math\MathAll.h">
      <Filter>MathGeoLib\Math</Filter>
    </ClInclude>
    <ClInclude Include="MathGeoLib\Math\MathConstants.h">
      <Filter>MathGeoLib\Math</Filter>
    </ClInclude>
    <ClInclude Include="MathGeoLib\Math\MathFunc.h">
      <Filter>MathGeoLib\Math</Filter>
    </ClInclude>
    <ClInclude Include="MathGeoLib\Math\MathLog.h">
      <Filter>MathGeoLib\Math</Filter>
    </ClInclude>
    <ClInclude Include="MathGeoLib\Math\MathNamespace.h">
      <Filter>MathGeoLib\Math</Filter>
    </ClInclude>
    <ClInclude Include="MathGeoLib\Math\MathTypes.h">
      <Filter>MathGeoLib\Math</Filter>
    </ClInclude>
    <ClInclude Include="MathGeoLib\Math\MatrixProxy.h">
      <Filter>MathGeoLib\Math</Filter>
    </ClInclude>
    <ClInclude Include="MathGeoLib\Math\MiniFloat.h">
      <Filter>MathGeoLib\Math</Filter>
    </ClInclude>
    <ClInclude Include="MathGeoLib\Math\MultiLineMacro.h">
      <Filter>MathGeoLib\Math</Filter>
    </ClInclude>
    <ClInclude Include="MathGeoLib\Math\myassert.h">
      <Filter>MathGeoLib\Math</Filter>
    </ClInclude>
    <ClInclude Include="MathGeoLib\Math\Polynomial.h">
      <Filter>MathGeoLib\Math</Filter>
    </ClInclude>
    <ClInclude Include="MathGeoLib\Time\Clock.h">
      <Filter>MathGeoLib\Time</Filter>
    </ClInclude>
    <ClInclude Include="ModuleCamera.h" />
    <ClInclude Include="ModuleProgram.h" />
    <ClInclude Include="ImGUI\imconfig.h">
      <Filter>ImGUI</Filter>
    </ClInclude>
    <ClInclude Include="ImGUI\imgui.h">
      <Filter>ImGUI</Filter>
    </ClInclude>
    <ClInclude Include="ImGUI\imgui_impl_opengl3.h">
      <Filter>ImGUI</Filter>
    </ClInclude>
    <ClInclude Include="ImGUI\imgui_impl_sdl.h">
      <Filter>ImGUI</Filter>
    </ClInclude>
    <ClInclude Include="ImGUI\imgui_internal.h">
      <Filter>ImGUI</Filter>
    </ClInclude>
    <ClInclude Include="ImGUI\imstb_rectpack.h">
      <Filter>ImGUI</Filter>
    </ClInclude>
    <ClInclude Include="ImGUI\imstb_textedit.h">
      <Filter>ImGUI</Filter>
    </ClInclude>
    <ClInclude Include="ImGUI\imstb_truetype.h">
      <Filter>ImGUI</Filter>
    </ClInclude>
    <ClInclude Include="ModuleEditor.h" />
    <ClInclude Include="W_console.h">
      <Filter>EditorWindows</Filter>
    </ClInclude>
    <ClInclude Include="Window.h">
      <Filter>EditorWindows</Filter>
    </ClInclude>
    <ClInclude Include="W_monitor.h">
      <Filter>EditorWindows</Filter>
    </ClInclude>
    <ClInclude Include="W_config.h">
      <Filter>EditorWindows</Filter>
    </ClInclude>
    <ClInclude Include="W_about.h">
      <Filter>EditorWindows</Filter>
    </ClInclude>
    <ClInclude Include="ModuleTexture.h" />
    <ClInclude Include="debugdraw.h" />
    <ClInclude Include="debug_draw.hpp" />
    <ClInclude Include="ModuleDebugDraw.h" />
    <ClInclude Include="ModuleRenderExercise.h" />
    <ClInclude Include="Leaks.h" />
    <ClInclude Include="Model.h">
      <Filter>Model</Filter>
    </ClInclude>
    <ClInclude Include="Mesh.h">
      <Filter>Model</Filter>
    </ClInclude>
  </ItemGroup>
  <ItemGroup>
    <Filter Include="MathGeoLib">
      <UniqueIdentifier>{6b848f31-37a1-4eb2-8602-8a88378748e8}</UniqueIdentifier>
    </Filter>
    <Filter Include="MathGeoLib\Algorithm">
      <UniqueIdentifier>{e4ca7986-a64f-4d52-8c7a-2e1418e3c068}</UniqueIdentifier>
    </Filter>
    <Filter Include="MathGeoLib\emscripten">
      <UniqueIdentifier>{49a6b07d-bb3b-4fb5-80ab-0bd07d03ec97}</UniqueIdentifier>
    </Filter>
    <Filter Include="MathGeoLib\Geometry">
      <UniqueIdentifier>{4e893dc9-dec2-4835-bc40-507fc9b6555f}</UniqueIdentifier>
    </Filter>
    <Filter Include="MathGeoLib\Math">
      <UniqueIdentifier>{4ba500bc-f543-4804-be0f-8e5a79392ff1}</UniqueIdentifier>
    </Filter>
    <Filter Include="MathGeoLib\Time">
      <UniqueIdentifier>{b69ce545-fc7d-4847-b111-655eb5903bfb}</UniqueIdentifier>
    </Filter>
    <Filter Include="ImGUI">
      <UniqueIdentifier>{3da5a169-84ae-4247-9342-53a8cb9abef4}</UniqueIdentifier>
    </Filter>
    <Filter Include="EditorWindows">
      <UniqueIdentifier>{38666de9-9d7a-4166-aca2-67bc73a9f8a8}</UniqueIdentifier>
    </Filter>
    <Filter Include="Model">
      <UniqueIdentifier>{b1276430-e03e-47f5-acb9-30cb31f378aa}</UniqueIdentifier>
    </Filter>
  </ItemGroup>
  <ItemGroup>
    <None Include="MathGeoLib\emscripten\library_system.js">
      <Filter>MathGeoLib\emscripten</Filter>
    </None>
    <None Include="MathGeoLib\Geometry\QuadTree.inl">
      <Filter>MathGeoLib\Geometry</Filter>
    </None>
    <None Include="MathGeoLib\Geometry\TriangleMesh_IntersectRay_AVX.inl">
      <Filter>MathGeoLib\Geometry</Filter>
    </None>
    <None Include="MathGeoLib\Geometry\TriangleMesh_IntersectRay_CPP.inl">
      <Filter>MathGeoLib\Geometry</Filter>
    </None>
    <None Include="MathGeoLib\Geometry\TriangleMesh_IntersectRay_SSE.inl">
      <Filter>MathGeoLib\Geometry</Filter>
    </None>
    <None Include="MathGeoLib\Geometry\KDTree.inl">
      <Filter>MathGeoLib\Geometry</Filter>
    </None>
    <None Include="MathGeoLib\Math\float2.inl">
      <Filter>MathGeoLib\Math</Filter>
    </None>
    <None Include="MathGeoLib\Math\Matrix.inl">
      <Filter>MathGeoLib\Math</Filter>
    </None>
  </ItemGroup>
</Project>